
Microsoft Visual Studio Solution File, Format Version 12.00
# Visual Studio 15
Project("{FAE04EC0-301F-11D3-BF4B-00C04F79EFBC}") = "Assembly-CSharp", "Assembly-CSharp.csproj", "{EFF6D6D8-BBC9-E98C-DD4C-16CA9B14F08B}"
EndProject
Global
	GlobalSection(SolutionConfigurationPlatforms) = preSolution
		Debug|Any CPU = Debug|Any CPU
		Release|Any CPU = Release|Any CPU
	EndGlobalSection
	GlobalSection(ProjectConfigurationPlatforms) = postSolution
		{EFF6D6D8-BBC9-E98C-DD4C-16CA9B14F08B}.Debug|Any CPU.ActiveCfg = Debug|Any CPU
		{EFF6D6D8-BBC9-E98C-DD4C-16CA9B14F08B}.Debug|Any CPU.Build.0 = Debug|Any CPU
		{EFF6D6D8-BBC9-E98C-DD4C-16CA9B14F08B}.Release|Any CPU.ActiveCfg = Release|Any CPU
		{EFF6D6D8-BBC9-E98C-DD4C-16CA9B14F08B}.Release|Any CPU.Build.0 = Release|Any CPU
	EndGlobalSection
	GlobalSection(SolutionProperties) = preSolution
		HideSolutionNode = FALSE
	EndGlobalSection
EndGlobal
